// !$*UTF8*$!
{
	archiveVersion = 1;
	classes = {
	};
	objectVersion = 77;
	objects = {

/* Begin PBXBuildFile section */
		12756F902DD9A4ED00360E82 /* Assets.xcassets in Resources */ = {isa = PBXBuildFile; fileRef = 12756F892DD9A4ED00360E82 /* Assets.xcassets */; };
		12756F922DD9A4ED00360E82 /* LaunchScreen.storyboard in Resources */ = {isa = PBXBuildFile; fileRef = 12756F8C2DD9A4ED00360E82 /* LaunchScreen.storyboard */; };
		12756F932DD9A4ED00360E82 /* Main.storyboard in Resources */ = {isa = PBXBuildFile; fileRef = 12756F8E2DD9A4ED00360E82 /* Main.storyboard */; };
		12756F942DD9A4ED00360E82 /* AppDelegate.swift in Sources */ = {isa = PBXBuildFile; fileRef = 12756F882DD9A4ED00360E82 /* AppDelegate.swift */; };
		12756F9C2DD9A56300360E82 /* BaseVC.swift in Sources */ = {isa = PBXBuildFile; fileRef = 12756F9B2DD9A56300360E82 /* BaseVC.swift */; };
		12756F9E2DD9A58E00360E82 /* CornerVideoPlayerExtension.swift in Sources */ = {isa = PBXBuildFile; fileRef = 12756F9D2DD9A58E00360E82 /* CornerVideoPlayerExtension.swift */; };
		12756FA22DD9A5DA00360E82 /* HomeVC.swift in Sources */ = {isa = PBXBuildFile; fileRef = 12756FA12DD9A5DA00360E82 /* HomeVC.swift */; };
		12756FA72DD9A60600360E82 /* Common.swift in Sources */ = {isa = PBXBuildFile; fileRef = 12756FA62DD9A60600360E82 /* Common.swift */; };
		12756FAA2DD9A61D00360E82 /* Constants.swift in Sources */ = {isa = PBXBuildFile; fileRef = 12756FA92DD9A61D00360E82 /* Constants.swift */; };
/* End PBXBuildFile section */

/* Begin PBXFileReference section */
		12756F702DD9A49400360E82 /* CornerVideoPlayer.app */ = {isa = PBXFileReference; explicitFileType = wrapper.application; includeInIndex = 0; path = CornerVideoPlayer.app; sourceTree = BUILT_PRODUCTS_DIR; };
		12756F882DD9A4ED00360E82 /* AppDelegate.swift */ = {isa = PBXFileReference; lastKnownFileType = sourcecode.swift; path = AppDelegate.swift; sourceTree = "<group>"; };
		12756F892DD9A4ED00360E82 /* Assets.xcassets */ = {isa = PBXFileReference; lastKnownFileType = folder.assetcatalog; path = Assets.xcassets; sourceTree = "<group>"; };
		12756F8A2DD9A4ED00360E82 /* Info.plist */ = {isa = PBXFileReference; lastKnownFileType = text.plist.xml; path = Info.plist; sourceTree = "<group>"; };
		12756F8B2DD9A4ED00360E82 /* Base */ = {isa = PBXFileReference; lastKnownFileType = file.storyboard; name = Base; path = Base.lproj/LaunchScreen.storyboard; sourceTree = "<group>"; };
		12756F8D2DD9A4ED00360E82 /* Base */ = {isa = PBXFileReference; lastKnownFileType = file.storyboard; name = Base; path = Base.lproj/Main.storyboard; sourceTree = "<group>"; };
		12756F9B2DD9A56300360E82 /* BaseVC.swift */ = {isa = PBXFileReference; lastKnownFileType = sourcecode.swift; path = BaseVC.swift; sourceTree = "<group>"; };
		12756F9D2DD9A58E00360E82 /* CornerVideoPlayerExtension.swift */ = {isa = PBXFileReference; lastKnownFileType = sourcecode.swift; path = CornerVideoPlayerExtension.swift; sourceTree = "<group>"; };
		12756FA12DD9A5DA00360E82 /* HomeVC.swift */ = {isa = PBXFileReference; lastKnownFileType = sourcecode.swift; path = HomeVC.swift; sourceTree = "<group>"; };
		12756FA62DD9A60600360E82 /* Common.swift */ = {isa = PBXFileReference; lastKnownFileType = sourcecode.swift; path = Common.swift; sourceTree = "<group>"; };
		12756FA92DD9A61D00360E82 /* Constants.swift */ = {isa = PBXFileReference; lastKnownFileType = sourcecode.swift; path = Constants.swift; sourceTree = "<group>"; };
/* End PBXFileReference section */

/* Begin PBXFrameworksBuildPhase section */
		12756F6D2DD9A49400360E82 /* Frameworks */ = {
			isa = PBXFrameworksBuildPhase;
			buildActionMask = 2147483647;
			files = (
			);
			runOnlyForDeploymentPostprocessing = 0;
		};
/* End PBXFrameworksBuildPhase section */

/* Begin PBXGroup section */
		12756F672DD9A49400360E82 = {
			isa = PBXGroup;
			children = (
				12756F8F2DD9A4ED00360E82 /* CornerVideoPlayer */,
				12756F712DD9A49400360E82 /* Products */,
			);
			sourceTree = "<group>";
		};
		12756F712DD9A49400360E82 /* Products */ = {
			isa = PBXGroup;
			children = (
				12756F702DD9A49400360E82 /* CornerVideoPlayer.app */,
			);
			name = Products;
			sourceTree = "<group>";
		};
		12756F8F2DD9A4ED00360E82 /* CornerVideoPlayer */ = {
			isa = PBXGroup;
			children = (
				12756F982DD9A53700360E82 /* Classes */,
				12756F972DD9A50B00360E82 /* Storyboards */,
				12756F962DD9A50000360E82 /* Utilities */,
			);
			path = CornerVideoPlayer;
			sourceTree = "<group>";
		};
		12756F952DD9A4F500360E82 /* Assets */ = {
			isa = PBXGroup;
			children = (
				12756F892DD9A4ED00360E82 /* Assets.xcassets */,
			);
			path = Assets;
			sourceTree = "<group>";
		};
		12756F962DD9A50000360E82 /* Utilities */ = {
			isa = PBXGroup;
			children = (
				12756F952DD9A4F500360E82 /* Assets */,
				12756F8A2DD9A4ED00360E82 /* Info.plist */,
			);
			name = Utilities;
			sourceTree = "<group>";
		};
		12756F972DD9A50B00360E82 /* Storyboards */ = {
			isa = PBXGroup;
			children = (
				12756F8C2DD9A4ED00360E82 /* LaunchScreen.storyboard */,
				12756F8E2DD9A4ED00360E82 /* Main.storyboard */,
			);
			name = Storyboards;
			sourceTree = "<group>";
		};
		12756F982DD9A53700360E82 /* Classes */ = {
			isa = PBXGroup;
			children = (
				12756F882DD9A4ED00360E82 /* AppDelegate.swift */,
				12756F9B2DD9A56300360E82 /* BaseVC.swift */,
				12756F9D2DD9A58E00360E82 /* CornerVideoPlayerExtension.swift */,
				12756F9F2DD9A5C500360E82 /* Home */,
				12756FAB2DD9A65300360E82 /* Supporting Files */,
			);
			path = Classes;
			sourceTree = "<group>";
		};
		12756F9F2DD9A5C500360E82 /* Home */ = {
			isa = PBXGroup;
			children = (
				12756FA02DD9A5CA00360E82 /* Controller */,
			);
			name = Home;
			sourceTree = "<group>";
		};
		12756FA02DD9A5CA00360E82 /* Controller */ = {
			isa = PBXGroup;
			children = (
				12756FA12DD9A5DA00360E82 /* HomeVC.swift */,
			);
			name = Controller;
			sourceTree = "<group>";
		};
		12756FA32DD9A5E800360E82 /* Common */ = {
			isa = PBXGroup;
			children = (
				12756FA62DD9A60600360E82 /* Common.swift */,
			);
			path = Common;
			sourceTree = "<group>";
		};
		12756FA82DD9A61500360E82 /* Constants */ = {
			isa = PBXGroup;
			children = (
				12756FA92DD9A61D00360E82 /* Constants.swift */,
			);
			path = Constants;
			sourceTree = "<group>";
		};
		12756FAB2DD9A65300360E82 /* Supporting Files */ = {
			isa = PBXGroup;
			children = (
				12756FA32DD9A5E800360E82 /* Common */,
				12756FA82DD9A61500360E82 /* Constants */,
			);
			name = "Supporting Files";
			sourceTree = "<group>";
		};
/* End PBXGroup section */

/* Begin PBXNativeTarget section */
		12756F6F2DD9A49400360E82 /* CornerVideoPlayer */ = {
			isa = PBXNativeTarget;
			buildConfigurationList = 12756F832DD9A49600360E82 /* Build configuration list for PBXNativeTarget "CornerVideoPlayer" */;
			buildPhases = (
				12756F6C2DD9A49400360E82 /* Sources */,
				12756F6D2DD9A49400360E82 /* Frameworks */,
				12756F6E2DD9A49400360E82 /* Resources */,
			);
			buildRules = (
			);
			dependencies = (
			);
			name = CornerVideoPlayer;
			packageProductDependencies = (
			);
			productName = CornerVideoPlayer;
			productReference = 12756F702DD9A49400360E82 /* CornerVideoPlayer.app */;
			productType = "com.apple.product-type.application";
		};
/* End PBXNativeTarget section */

/* Begin PBXProject section */
		12756F682DD9A49400360E82 /* Project object */ = {
			isa = PBXProject;
			attributes = {
				BuildIndependentTargetsInParallel = 1;
				LastSwiftUpdateCheck = 1610;
				LastUpgradeCheck = 1610;
				TargetAttributes = {
					12756F6F2DD9A49400360E82 = {
						CreatedOnToolsVersion = 16.1;
					};
				};
			};
			buildConfigurationList = 12756F6B2DD9A49400360E82 /* Build configuration list for PBXProject "CornerVideoPlayer" */;
			developmentRegion = en;
			hasScannedForEncodings = 0;
			knownRegions = (
				en,
				Base,
			);
			mainGroup = 12756F672DD9A49400360E82;
			minimizedProjectReferenceProxies = 1;
			preferredProjectObjectVersion = 77;
			productRefGroup = 12756F712DD9A49400360E82 /* Products */;
			projectDirPath = "";
			projectRoot = "";
			targets = (
				12756F6F2DD9A49400360E82 /* CornerVideoPlayer */,
			);
		};
/* End PBXProject section */

/* Begin PBXResourcesBuildPhase section */
		12756F6E2DD9A49400360E82 /* Resources */ = {
			isa = PBXResourcesBuildPhase;
			buildActionMask = 2147483647;
			files = (
				12756F902DD9A4ED00360E82 /* Assets.xcassets in Resources */,
				12756F922DD9A4ED00360E82 /* LaunchScreen.storyboard in Resources */,
				12756F932DD9A4ED00360E82 /* Main.storyboard in Resources */,
			);
			runOnlyForDeploymentPostprocessing = 0;
		};
/* End PBXResourcesBuildPhase section */

/* Begin PBXSourcesBuildPhase section */
		12756F6C2DD9A49400360E82 /* Sources */ = {
			isa = PBXSourcesBuildPhase;
			buildActionMask = 2147483647;
			files = (
				12756F9E2DD9A58E00360E82 /* CornerVideoPlayerExtension.swift in Sources */,
				12756FA22DD9A5DA00360E82 /* HomeVC.swift in Sources */,
				12756F942DD9A4ED00360E82 /* AppDelegate.swift in Sources */,
				12756FA72DD9A60600360E82 /* Common.swift in Sources */,
				12756F9C2DD9A56300360E82 /* BaseVC.swift in Sources */,
				12756FAA2DD9A61D00360E82 /* Constants.swift in Sources */,
			);
			runOnlyForDeploymentPostprocessing = 0;
		};
/* End PBXSourcesBuildPhase section */

/* Begin PBXVariantGroup section */
		12756F8C2DD9A4ED00360E82 /* LaunchScreen.storyboard */ = {
			isa = PBXVariantGroup;
			children = (
				12756F8B2DD9A4ED00360E82 /* Base */,
			);
			name = LaunchScreen.storyboard;
			sourceTree = "<group>";
		};
		12756F8E2DD9A4ED00360E82 /* Main.storyboard */ = {
			isa = PBXVariantGroup;
			children = (
				12756F8D2DD9A4ED00360E82 /* Base */,
			);
			name = Main.storyboard;
			sourceTree = "<group>";
		};
/* End PBXVariantGroup section */

/* Begin XCBuildConfiguration section */
		12756F842DD9A49600360E82 /* Debug */ = {
			isa = XCBuildConfiguration;
			buildSettings = {
				ASSETCATALOG_COMPILER_APPICON_NAME = AppIcon;
				ASSETCATALOG_COMPILER_GLOBAL_ACCENT_COLOR_NAME = AccentColor;
				CODE_SIGN_STYLE = Manual;
				CURRENT_PROJECT_VERSION = 1;
				DEVELOPMENT_TEAM = "";
				"EXCLUDED_ARCHS[sdk=iphonesimulator*]" = arm64;
				GENERATE_INFOPLIST_FILE = YES;
				INFOPLIST_FILE = CornerVideoPlayer/Info.plist;
				INFOPLIST_KEY_UIApplicationSupportsIndirectInputEvents = YES;
				INFOPLIST_KEY_UILaunchStoryboardName = LaunchScreen;
				INFOPLIST_KEY_UIMainStoryboardFile = Main;
				INFOPLIST_KEY_UISupportedInterfaceOrientations_iPad = "UIInterfaceOrientationPortrait UIInterfaceOrientationPortraitUpsideDown UIInterfaceOrientationLandscapeLeft UIInterfaceOrientationLandscapeRight";
				INFOPLIST_KEY_UISupportedInterfaceOrientations_iPhone = "UIInterfaceOrientationPortrait UIInterfaceOrientationLandscapeLeft UIInterfaceOrientationLandscapeRight";
				INFOPLIST_KEY_UIUserInterfaceStyle = Light;
				IPHONEOS_DEPLOYMENT_TARGET = 13;
				LD_RUNPATH_SEARCH_PATHS = (
					"$(inherited)",
					"@executable_path/Frameworks",
				);
				MARKETING_VERSION = 1.0;
				PRODUCT_BUNDLE_IDENTIFIER = com.CornerVideoPlayer;
				PRODUCT_NAME = "$(TARGET_NAME)";
				PROVISIONING_PROFILE_SPECIFIER = "";
				SWIFT_EMIT_LOC_STRINGS = YES;
				SWIFT_VERSION = 5.0;
				TARGETED_DEVICE_FAMILY = "1,2";
			};
			name = Debug;
		};
		12756F852DD9A49600360E82 /* Release */ = {
			isa = XCBuildConfiguration;
			buildSettings = {
				ASSETCATALOG_COMPILER_APPICON_NAME = AppIcon;
				ASSETCATALOG_COMPILER_GLOBAL_ACCENT_COLOR_NAME = AccentColor;
				CODE_SIGN_STYLE = Manual;
				CURRENT_PROJECT_VERSION = 1;
				DEVELOPMENT_TEAM = "";
				"EXCLUDED_ARCHS[sdk=iphonesimulator*]" = arm64;
				GENERATE_INFOPLIST_FILE = YES;
				INFOPLIST_FILE = CornerVideoPlayer/Info.plist;
				INFOPLIST_KEY_UIApplicationSupportsIndirectInputEvents = YES;
				INFOPLIST_KEY_UILaunchStoryboardName = LaunchScreen;
				INFOPLIST_KEY_UIMainStoryboardFile = Main;
				INFOPLIST_KEY_UISupportedInterfaceOrientations_iPad = "UIInterfaceOrientationPortrait UIInterfaceOrientationPortraitUpsideDown UIInterfaceOrientationLandscapeLeft UIInterfaceOrientationLandscapeRight";
				INFOPLIST_KEY_UISupportedInterfaceOrientations_iPhone = "UIInterfaceOrientationPortrait UIInterfaceOrientationLandscapeLeft UIInterfaceOrientationLandscapeRight";
				INFOPLIST_KEY_UIUserInterfaceStyle = Light;
				IPHONEOS_DEPLOYMENT_TARGET = 13;
				LD_RUNPATH_SEARCH_PATHS = (
					"$(inherited)",
					"@executable_path/Frameworks",
				);
				MARKETING_VERSION = 1.0;
				PRODUCT_BUNDLE_IDENTIFIER = com.CornerVideoPlayer;
				PRODUCT_NAME = "$(TARGET_NAME)";
				PROVISIONING_PROFILE_SPECIFIER = "";
				SWIFT_EMIT_LOC_STRINGS = YES;
				SWIFT_VERSION = 5.0;
				TARGETED_DEVICE_FAMILY = "1,2";
			};
			name = Release;
		};
		12756F862DD9A49600360E82 /* Debug */ = {
			isa = XCBuildConfiguration;
			buildSettings = {
				ALWAYS_SEARCH_USER_PATHS = NO;
				ASSETCATALOG_COMPILER_GENERATE_SWIFT_ASSET_SYMBOL_EXTENSIONS = YES;
				CLANG_ANALYZER_NONNULL = YES;
				CLANG_ANALYZER_NUMBER_OBJECT_CONVERSION = YES_AGGRESSIVE;
				CLANG_CXX_LANGUAGE_STANDARD = "gnu++20";
				CLANG_ENABLE_MODULES = YES;
				CLANG_ENABLE_OBJC_ARC = YES;
				CLANG_ENABLE_OBJC_WEAK = YES;
				CLANG_WARN_BLOCK_CAPTURE_AUTORELEASING = YES;
				CLANG_WARN_BOOL_CONVERSION = YES;
				CLANG_WARN_COMMA = YES;
				CLANG_WARN_CONSTANT_CONVERSION = YES;
				CLANG_WARN_DEPRECATED_OBJC_IMPLEMENTATIONS = YES;
				CLANG_WARN_DIRECT_OBJC_ISA_USAGE = YES_ERROR;
				CLANG_WARN_DOCUMENTATION_COMMENTS = YES;
				CLANG_WARN_EMPTY_BODY = YES;
				CLANG_WARN_ENUM_CONVERSION = YES;
				CLANG_WARN_INFINITE_RECURSION = YES;
				CLANG_WARN_INT_CONVERSION = YES;
				CLANG_WARN_NON_LITERAL_NULL_CONVERSION = YES;
				CLANG_WARN_OBJC_IMPLICIT_RETAIN_SELF = YES;
				CLANG_WARN_OBJC_LITERAL_CONVERSION = YES;
				CLANG_WARN_OBJC_ROOT_CLASS = YES_ERROR;
				CLANG_WARN_QUOTED_INCLUDE_IN_FRAMEWORK_HEADER = YES;
				CLANG_WARN_RANGE_LOOP_ANALYSIS = YES;
				CLANG_WARN_STRICT_PROTOTYPES = YES;
				CLANG_WARN_SUSPICIOUS_MOVE = YES;
				CLANG_WARN_UNGUARDED_AVAILABILITY = YES_AGGRESSIVE;
				CLANG_WARN_UNREACHABLE_CODE = YES;
				CLANG_WARN__DUPLICATE_METHOD_MATCH = YES;
				COPY_PHASE_STRIP = NO;
				DEBUG_INFORMATION_FORMAT = dwarf;
				ENABLE_STRICT_OBJC_MSGSEND = YES;
				ENABLE_TESTABILITY = YES;
				ENABLE_USER_SCRIPT_SANDBOXING = YES;
				GCC_C_LANGUAGE_STANDARD = gnu17;
				GCC_DYNAMIC_NO_PIC = NO;
				GCC_NO_COMMON_BLOCKS = YES;
				GCC_OPTIMIZATION_LEVEL = 0;
				GCC_PREPROCESSOR_DEFINITIONS = (
					"DEBUG=1",
					"$(inherited)",
				);
				GCC_WARN_64_TO_32_BIT_CONVERSION = YES;
				GCC_WARN_ABOUT_RETURN_TYPE = YES_ERROR;
				GCC_WARN_UNDECLARED_SELECTOR = YES;
				GCC_WARN_UNINITIALIZED_AUTOS = YES_AGGRESSIVE;
				GCC_WARN_UNUSED_FUNCTION = YES;
				GCC_WARN_UNUSED_VARIABLE = YES;
				IPHONEOS_DEPLOYMENT_TARGET = 18.1;
				LOCALIZATION_PREFERS_STRING_CATALOGS = YES;
				MTL_ENABLE_DEBUG_INFO = INCLUDE_SOURCE;
				MTL_FAST_MATH = YES;
				ONLY_ACTIVE_ARCH = YES;
				SDKROOT = iphoneos;
				SWIFT_ACTIVE_COMPILATION_CONDITIONS = "DEBUG $(inherited)";
				SWIFT_OPTIMIZATION_LEVEL = "-Onone";
			};
			name = Debug;
		};
		12756F872DD9A49600360E82 /* Release */ = {
			isa = XCBuildConfiguration;
			buildSettings = {
				ALWAYS_SEARCH_USER_PATHS = NO;
				ASSETCATALOG_COMPILER_GENERATE_SWIFT_ASSET_SYMBOL_EXTENSIONS = YES;
				CLANG_ANALYZER_NONNULL = YES;
				CLANG_ANALYZER_NUMBER_OBJECT_CONVERSION = YES_AGGRESSIVE;
				CLANG_CXX_LANGUAGE_STANDARD = "gnu++20";
				CLANG_ENABLE_MODULES = YES;
				CLANG_ENABLE_OBJC_ARC = YES;
				CLANG_ENABLE_OBJC_WEAK = YES;
				CLANG_WARN_BLOCK_CAPTURE_AUTORELEASING = YES;
				CLANG_WARN_BOOL_CONVERSION = YES;
				CLANG_WARN_COMMA = YES;
				CLANG_WARN_CONSTANT_CONVERSION = YES;
				CLANG_WARN_DEPRECATED_OBJC_IMPLEMENTATIONS = YES;
				CLANG_WARN_DIRECT_OBJC_ISA_USAGE = YES_ERROR;
				CLANG_WARN_DOCUMENTATION_COMMENTS = YES;
				CLANG_WARN_EMPTY_BODY = YES;
				CLANG_WARN_ENUM_CONVERSION = YES;
				CLANG_WARN_INFINITE_RECURSION = YES;
				CLANG_WARN_INT_CONVERSION = YES;
				CLANG_WARN_NON_LITERAL_NULL_CONVERSION = YES;
				CLANG_WARN_OBJC_IMPLICIT_RETAIN_SELF = YES;
				CLANG_WARN_OBJC_LITERAL_CONVERSION = YES;
				CLANG_WARN_OBJC_ROOT_CLASS = YES_ERROR;
				CLANG_WARN_QUOTED_INCLUDE_IN_FRAMEWORK_HEADER = YES;
				CLANG_WARN_RANGE_LOOP_ANALYSIS = YES;
				CLANG_WARN_STRICT_PROTOTYPES = YES;
				CLANG_WARN_SUSPICIOUS_MOVE = YES;
				CLANG_WARN_UNGUARDED_AVAILABILITY = YES_AGGRESSIVE;
				CLANG_WARN_UNREACHABLE_CODE = YES;
				CLANG_WARN__DUPLICATE_METHOD_MATCH = YES;
				COPY_PHASE_STRIP = NO;
				DEBUG_INFORMATION_FORMAT = "dwarf-with-dsym";
				ENABLE_NS_ASSERTIONS = NO;
				ENABLE_STRICT_OBJC_MSGSEND = YES;
				ENABLE_USER_SCRIPT_SANDBOXING = YES;
				GCC_C_LANGUAGE_STANDARD = gnu17;
				GCC_NO_COMMON_BLOCKS = YES;
				GCC_WARN_64_TO_32_BIT_CONVERSION = YES;
				GCC_WARN_ABOUT_RETURN_TYPE = YES_ERROR;
				GCC_WARN_UNDECLARED_SELECTOR = YES;
				GCC_WARN_UNINITIALIZED_AUTOS = YES_AGGRESSIVE;
				GCC_WARN_UNUSED_FUNCTION = YES;
				GCC_WARN_UNUSED_VARIABLE = YES;
				IPHONEOS_DEPLOYMENT_TARGET = 18.1;
				LOCALIZATION_PREFERS_STRING_CATALOGS = YES;
				MTL_ENABLE_DEBUG_INFO = NO;
				MTL_FAST_MATH = YES;
				SDKROOT = iphoneos;
				SWIFT_COMPILATION_MODE = wholemodule;
				VALIDATE_PRODUCT = YES;
			};
			name = Release;
		};
/* End XCBuildConfiguration section */

/* Begin XCConfigurationList section */
		12756F6B2DD9A49400360E82 /* Build configuration list for PBXProject "CornerVideoPlayer" */ = {
			isa = XCConfigurationList;
			buildConfigurations = (
				12756F862DD9A49600360E82 /* Debug */,
				12756F872DD9A49600360E82 /* Release */,
			);
			defaultConfigurationIsVisible = 0;
			defaultConfigurationName = Release;
		};
		12756F832DD9A49600360E82 /* Build configuration list for PBXNativeTarget "CornerVideoPlayer" */ = {
			isa = XCConfigurationList;
			buildConfigurations = (
				12756F842DD9A49600360E82 /* Debug */,
				12756F852DD9A49600360E82 /* Release */,
			);
			defaultConfigurationIsVisible = 0;
			defaultConfigurationName = Release;
		};
/* End XCConfigurationList section */
	};
	rootObject = 12756F682DD9A49400360E82 /* Project object */;
}
